
Microsoft Visual Studio Solution File, Format Version 12.00
# Visual Studio 2012
Project("{FAE04EC0-301F-11D3-BF4B-00C04F79EFBC}") = "WpfBrowserApplication2", "WpfBrowserApplication2\WpfBrowserApplication2.csproj", "{18F995BF-BC25-4907-B170-5B7BB1ECCA5D}"
EndProject
Global
	GlobalSection(SolutionConfigurationPlatforms) = preSolution
		Debug|Any CPU = Debug|Any CPU
		Release|Any CPU = Release|Any CPU
	EndGlobalSection
	GlobalSection(ProjectConfigurationPlatforms) = postSolution
		{18F995BF-BC25-4907-B170-5B7BB1ECCA5D}.Debug|Any CPU.ActiveCfg = Debug|Any CPU
		{18F995BF-BC25-4907-B170-5B7BB1ECCA5D}.Debug|Any CPU.Build.0 = Debug|Any CPU
		{18F995BF-BC25-4907-B170-5B7BB1ECCA5D}.Release|Any CPU.ActiveCfg = Release|Any CPU
		{18F995BF-BC25-4907-B170-5B7BB1ECCA5D}.Release|Any CPU.Build.0 = Release|Any CPU
	EndGlobalSection
	GlobalSection(SolutionProperties) = preSolution
		HideSolutionNode = FALSE
	EndGlobalSection
EndGlobal
